{
    "_meta": {
        "hash": {
            "sha256": "10aa4c40024d3bb34e6a09e1d2345bc40d7f295b86f4fa473b9c02bf0af3e451"
        },
        "pipfile-spec": 6,
        "requires": {
            "python_version": "3.9"
        },
        "sources": [
            {
                "name": "pypi",
                "url": "https://pypi.org/simple",
                "verify_ssl": true
            }
        ]
    },
    "default": {
        "kaitaistruct": {
            "hashes": [
                "sha256:3d5845817ec8a4d5504379cc11bd570b038850ee49c4580bc0998c8fb1d327ad"
            ],
            "index": "pypi",
            "version": "==0.9"
        }
    },
    "develop": {}
}
